
Microsoft Visual Studio Solution File, Format Version 12.00
# Visual Studio Version 17
VisualStudioVersion = 17.4.33213.308
MinimumVisualStudioVersion = 10.0.40219.1
Project("{FAE04EC0-301F-11D3-BF4B-00C04F79EFBC}") = "Calculator", "Calculator\Calculator.csproj", "{33DA3C98-9ED7-41E2-B7F2-6F23EE698787}"
EndProject
Global
	GlobalSection(SolutionConfigurationPlatforms) = preSolution
		Debug|Any CPU = Debug|Any CPU
		Release|Any CPU = Release|Any CPU
	EndGlobalSection
	GlobalSection(ProjectConfigurationPlatforms) = postSolution
		{33DA3C98-9ED7-41E2-B7F2-6F23EE698787}.Debug|Any CPU.ActiveCfg = Debug|Any CPU
		{33DA3C98-9ED7-41E2-B7F2-6F23EE698787}.Debug|Any CPU.Build.0 = Debug|Any CPU
		{33DA3C98-9ED7-41E2-B7F2-6F23EE698787}.Release|Any CPU.ActiveCfg = Release|Any CPU
		{33DA3C98-9ED7-41E2-B7F2-6F23EE698787}.Release|Any CPU.Build.0 = Release|Any CPU
	EndGlobalSection
	GlobalSection(SolutionProperties) = preSolution
		HideSolutionNode = FALSE
	EndGlobalSection
	GlobalSection(ExtensibilityGlobals) = postSolution
		SolutionGuid = {EF2047F3-D1B6-4FF0-925E-9B516097BDF9}
	EndGlobalSection
EndGlobal
